
Microsoft Visual Studio Solution File, Format Version 12.00
# Visual Studio 15
VisualStudioVersion = 15.0.28307.572
MinimumVisualStudioVersion = 10.0.40219.1
Project("{8BC9CEB8-8B4A-11D0-8D11-00A0C91BC942}") = "SimpleUndoRedo", "SimpleUndoRedo\SimpleUndoRedo.vcxproj", "{63A02DA1-F60D-420F-BB57-05EDBCC3B6F7}"
EndProject
Project("{8BC9CEB8-8B4A-11D0-8D11-00A0C91BC942}") = "UndoRedoTests", "UndoRedoTests\UndoRedoTests.vcxproj", "{20FECEC3-DBB1-4EE4-934F-073A75D68F7C}"
EndProject
Global
	GlobalSection(SolutionConfigurationPlatforms) = preSolution
		Debug|x64 = Debug|x64
		Debug|x86 = Debug|x86
		Release|x64 = Release|x64
		Release|x86 = Release|x86
	EndGlobalSection
	GlobalSection(ProjectConfigurationPlatforms) = postSolution
		{63A02DA1-F60D-420F-BB57-05EDBCC3B6F7}.Debug|x64.ActiveCfg = Debug|x64
		{63A02DA1-F60D-420F-BB57-05EDBCC3B6F7}.Debug|x64.Build.0 = Debug|x64
		{63A02DA1-F60D-420F-BB57-05EDBCC3B6F7}.Debug|x86.ActiveCfg = Debug|Win32
		{63A02DA1-F60D-420F-BB57-05EDBCC3B6F7}.Debug|x86.Build.0 = Debug|Win32
		{63A02DA1-F60D-420F-BB57-05EDBCC3B6F7}.Release|x64.ActiveCfg = Release|x64
		{63A02DA1-F60D-420F-BB57-05EDBCC3B6F7}.Release|x64.Build.0 = Release|x64
		{63A02DA1-F60D-420F-BB57-05EDBCC3B6F7}.Release|x86.ActiveCfg = Release|Win32
		{63A02DA1-F60D-420F-BB57-05EDBCC3B6F7}.Release|x86.Build.0 = Release|Win32
		{20FECEC3-DBB1-4EE4-934F-073A75D68F7C}.Debug|x64.ActiveCfg = Debug|x64
		{20FECEC3-DBB1-4EE4-934F-073A75D68F7C}.Debug|x64.Build.0 = Debug|x64
		{20FECEC3-DBB1-4EE4-934F-073A75D68F7C}.Debug|x86.ActiveCfg = Debug|Win32
		{20FECEC3-DBB1-4EE4-934F-073A75D68F7C}.Debug|x86.Build.0 = Debug|Win32
		{20FECEC3-DBB1-4EE4-934F-073A75D68F7C}.Release|x64.ActiveCfg = Release|x64
		{20FECEC3-DBB1-4EE4-934F-073A75D68F7C}.Release|x64.Build.0 = Release|x64
		{20FECEC3-DBB1-4EE4-934F-073A75D68F7C}.Release|x86.ActiveCfg = Release|Win32
		{20FECEC3-DBB1-4EE4-934F-073A75D68F7C}.Release|x86.Build.0 = Release|Win32
	EndGlobalSection
	GlobalSection(SolutionProperties) = preSolution
		HideSolutionNode = FALSE
	EndGlobalSection
	GlobalSection(ExtensibilityGlobals) = postSolution
		SolutionGuid = {7E7FF758-7FC2-445E-B455-D2C27E6C700F}
	EndGlobalSection
EndGlobal
